
Microsoft Visual Studio Solution File, Format Version 12.00
# Visual Studio Version 17
VisualStudioVersion = 17.0.31903.59
MinimumVisualStudioVersion = 10.0.40219.1
Project("{2150E333-8FDC-42A3-9474-1A3956D46DE8}") = "src", "src", "{7331E8B1-4586-4D3B-976B-08DA05DAF145}"
EndProject
Project("{2150E333-8FDC-42A3-9474-1A3956D46DE8}") = "Apps", "Apps", "{E22356A9-B723-46AB-8AA9-AC711A370013}"
EndProject
Project("{9A19103F-16F7-4668-BE54-9A1E7A4F7556}") = "ReportCenter.App.RestServer", "src\Apps\ReportCenter.App.RestServer\ReportCenter.App.RestServer.csproj", "{96CA22D3-996C-49E0-802A-A5D7351B2A5F}"
EndProject
Project("{2150E333-8FDC-42A3-9474-1A3956D46DE8}") = "Core", "Core", "{000935B1-86E4-4891-BB97-372AFD8283C3}"
EndProject
Project("{9A19103F-16F7-4668-BE54-9A1E7A4F7556}") = "ReportCenter.Common", "src\Core\ReportCenter.Common\ReportCenter.Common.csproj", "{E9C72F65-6F42-4E73-B7FB-DD92ADC046C3}"
EndProject
Project("{9A19103F-16F7-4668-BE54-9A1E7A4F7556}") = "ReportCenter.Core", "src\Core\ReportCenter.Core\ReportCenter.Core.csproj", "{73392135-4842-4E69-B5E8-E90D7A009B6C}"
EndProject
Project("{2150E333-8FDC-42A3-9474-1A3956D46DE8}") = "Providers", "Providers", "{28B095E8-BBD5-4600-9962-0656CA5E7AEB}"
EndProject
Project("{9A19103F-16F7-4668-BE54-9A1E7A4F7556}") = "ReportCenter.CustomConsoleFormatter", "src\Providers\ReportCenter.CustomConsoleFormatter\ReportCenter.CustomConsoleFormatter.csproj", "{CFC00D1B-16BA-440F-A90D-7A1294B54C73}"
EndProject
Project("{FAE04EC0-301F-11D3-BF4B-00C04F79EFBC}") = "ReportCenter.CustomStringLocalizer", "src\Providers\ReportCenter.CustomStringLocalizer\ReportCenter.CustomStringLocalizer.csproj", "{7258BDAA-BB3A-491A-BE58-288E430955B9}"
EndProject
Project("{FAE04EC0-301F-11D3-BF4B-00C04F79EFBC}") = "ReportCenter.OpenTelemetry", "src\Providers\ReportCenter.OpenTelemetry\ReportCenter.OpenTelemetry.csproj", "{14394CEE-2273-4560-B6F7-9B7611C892EB}"
EndProject
Project("{2150E333-8FDC-42A3-9474-1A3956D46DE8}") = "tests", "tests", "{80868BDD-1A85-4CD3-8031-8803DA7C0BF3}"
EndProject
Project("{2150E333-8FDC-42A3-9474-1A3956D46DE8}") = "Apps", "Apps", "{B3F011D9-F48F-4DD1-BAC4-8E5EE3E6F5F2}"
EndProject
Project("{FAE04EC0-301F-11D3-BF4B-00C04F79EFBC}") = "ReportCenter.App.RestServerTest", "tests\Apps\ReportCenter.App.RestServerTest\ReportCenter.App.RestServerTest.csproj", "{1BD2858F-B44F-4949-8E3D-D5038A7401F7}"
EndProject
Project("{2150E333-8FDC-42A3-9474-1A3956D46DE8}") = "Commons", "Commons", "{4675EDBB-E55E-471E-97DF-4CCF69FF1F43}"
EndProject
Project("{FAE04EC0-301F-11D3-BF4B-00C04F79EFBC}") = "ReportCenter.Commons.Test", "tests\Commons\ReportCenter.Commons.Test\ReportCenter.Commons.Test.csproj", "{7B1D4488-A06B-4F66-A57A-87310A0AA85B}"
EndProject
Project("{FAE04EC0-301F-11D3-BF4B-00C04F79EFBC}") = "ReportCenter.Swagger", "src\Providers\ReportCenter.Swagger\ReportCenter.Swagger.csproj", "{70F47B16-E534-47F5-8ECD-6CB6341CACB2}"
EndProject
Project("{FAE04EC0-301F-11D3-BF4B-00C04F79EFBC}") = "ReportCenter.Scalar", "src\Providers\ReportCenter.Scalar\ReportCenter.Scalar.csproj", "{F8798FC0-E9CE-45A4-9A99-D0B6A290654A}"
EndProject
Project("{FAE04EC0-301F-11D3-BF4B-00C04F79EFBC}") = "ReportCenter.App.GrpcServer", "src\Apps\ReportCenter.App.GrpcServer\ReportCenter.App.GrpcServer.csproj", "{378E76C8-D4FB-4486-B34B-EBA79B683731}"
EndProject
Project("{FAE04EC0-301F-11D3-BF4B-00C04F79EFBC}") = "ReportCenter.MongoDB", "src\Providers\ReportCenter.MongoDB\ReportCenter.MongoDB.csproj", "{4FD4289E-9035-4873-8099-0039E7C32443}"
EndProject
Project("{FAE04EC0-301F-11D3-BF4B-00C04F79EFBC}") = "ReportCenter.App.Domain.Application.Worker", "src\Apps\ReportCenter.App.Domain.Application.Worker\ReportCenter.App.Domain.Application.Worker.csproj", "{31E5F81F-3A9C-4471-836F-DDCEB7037090}"
EndProject
Project("{FAE04EC0-301F-11D3-BF4B-00C04F79EFBC}") = "ReportCenter.RabbitMQ", "src\Providers\ReportCenter.RabbitMQ\ReportCenter.RabbitMQ.csproj", "{DC624138-7FE1-4B3C-8726-6C6BFD564405}"
EndProject
Project("{FAE04EC0-301F-11D3-BF4B-00C04F79EFBC}") = "ReportCenter.LocalStorage", "src\Providers\ReportCenter.LocalStorage\ReportCenter.LocalStorage.csproj", "{5A3E7AD3-421A-4B0B-8680-63EABD065698}"
EndProject
Global
	GlobalSection(SolutionConfigurationPlatforms) = preSolution
		Debug|Any CPU = Debug|Any CPU
		Debug|x64 = Debug|x64
		Debug|x86 = Debug|x86
		Release|Any CPU = Release|Any CPU
		Release|x64 = Release|x64
		Release|x86 = Release|x86
	EndGlobalSection
	GlobalSection(ProjectConfigurationPlatforms) = postSolution
		{96CA22D3-996C-49E0-802A-A5D7351B2A5F}.Debug|Any CPU.ActiveCfg = Debug|Any CPU
		{96CA22D3-996C-49E0-802A-A5D7351B2A5F}.Debug|Any CPU.Build.0 = Debug|Any CPU
		{96CA22D3-996C-49E0-802A-A5D7351B2A5F}.Debug|x64.ActiveCfg = Debug|Any CPU
		{96CA22D3-996C-49E0-802A-A5D7351B2A5F}.Debug|x64.Build.0 = Debug|Any CPU
		{96CA22D3-996C-49E0-802A-A5D7351B2A5F}.Debug|x86.ActiveCfg = Debug|Any CPU
		{96CA22D3-996C-49E0-802A-A5D7351B2A5F}.Debug|x86.Build.0 = Debug|Any CPU
		{96CA22D3-996C-49E0-802A-A5D7351B2A5F}.Release|Any CPU.ActiveCfg = Release|Any CPU
		{96CA22D3-996C-49E0-802A-A5D7351B2A5F}.Release|Any CPU.Build.0 = Release|Any CPU
		{96CA22D3-996C-49E0-802A-A5D7351B2A5F}.Release|x64.ActiveCfg = Release|Any CPU
		{96CA22D3-996C-49E0-802A-A5D7351B2A5F}.Release|x64.Build.0 = Release|Any CPU
		{96CA22D3-996C-49E0-802A-A5D7351B2A5F}.Release|x86.ActiveCfg = Release|Any CPU
		{96CA22D3-996C-49E0-802A-A5D7351B2A5F}.Release|x86.Build.0 = Release|Any CPU
		{E9C72F65-6F42-4E73-B7FB-DD92ADC046C3}.Debug|Any CPU.ActiveCfg = Debug|Any CPU
		{E9C72F65-6F42-4E73-B7FB-DD92ADC046C3}.Debug|Any CPU.Build.0 = Debug|Any CPU
		{E9C72F65-6F42-4E73-B7FB-DD92ADC046C3}.Debug|x64.ActiveCfg = Debug|Any CPU
		{E9C72F65-6F42-4E73-B7FB-DD92ADC046C3}.Debug|x64.Build.0 = Debug|Any CPU
		{E9C72F65-6F42-4E73-B7FB-DD92ADC046C3}.Debug|x86.ActiveCfg = Debug|Any CPU
		{E9C72F65-6F42-4E73-B7FB-DD92ADC046C3}.Debug|x86.Build.0 = Debug|Any CPU
		{E9C72F65-6F42-4E73-B7FB-DD92ADC046C3}.Release|Any CPU.ActiveCfg = Release|Any CPU
		{E9C72F65-6F42-4E73-B7FB-DD92ADC046C3}.Release|Any CPU.Build.0 = Release|Any CPU
		{E9C72F65-6F42-4E73-B7FB-DD92ADC046C3}.Release|x64.ActiveCfg = Release|Any CPU
		{E9C72F65-6F42-4E73-B7FB-DD92ADC046C3}.Release|x64.Build.0 = Release|Any CPU
		{E9C72F65-6F42-4E73-B7FB-DD92ADC046C3}.Release|x86.ActiveCfg = Release|Any CPU
		{E9C72F65-6F42-4E73-B7FB-DD92ADC046C3}.Release|x86.Build.0 = Release|Any CPU
		{73392135-4842-4E69-B5E8-E90D7A009B6C}.Debug|Any CPU.ActiveCfg = Debug|Any CPU
		{73392135-4842-4E69-B5E8-E90D7A009B6C}.Debug|Any CPU.Build.0 = Debug|Any CPU
		{73392135-4842-4E69-B5E8-E90D7A009B6C}.Debug|x64.ActiveCfg = Debug|Any CPU
		{73392135-4842-4E69-B5E8-E90D7A009B6C}.Debug|x64.Build.0 = Debug|Any CPU
		{73392135-4842-4E69-B5E8-E90D7A009B6C}.Debug|x86.ActiveCfg = Debug|Any CPU
		{73392135-4842-4E69-B5E8-E90D7A009B6C}.Debug|x86.Build.0 = Debug|Any CPU
		{73392135-4842-4E69-B5E8-E90D7A009B6C}.Release|Any CPU.ActiveCfg = Release|Any CPU
		{73392135-4842-4E69-B5E8-E90D7A009B6C}.Release|Any CPU.Build.0 = Release|Any CPU
		{73392135-4842-4E69-B5E8-E90D7A009B6C}.Release|x64.ActiveCfg = Release|Any CPU
		{73392135-4842-4E69-B5E8-E90D7A009B6C}.Release|x64.Build.0 = Release|Any CPU
		{73392135-4842-4E69-B5E8-E90D7A009B6C}.Release|x86.ActiveCfg = Release|Any CPU
		{73392135-4842-4E69-B5E8-E90D7A009B6C}.Release|x86.Build.0 = Release|Any CPU
		{CFC00D1B-16BA-440F-A90D-7A1294B54C73}.Debug|Any CPU.ActiveCfg = Debug|Any CPU
		{CFC00D1B-16BA-440F-A90D-7A1294B54C73}.Debug|Any CPU.Build.0 = Debug|Any CPU
		{CFC00D1B-16BA-440F-A90D-7A1294B54C73}.Debug|x64.ActiveCfg = Debug|Any CPU
		{CFC00D1B-16BA-440F-A90D-7A1294B54C73}.Debug|x64.Build.0 = Debug|Any CPU
		{CFC00D1B-16BA-440F-A90D-7A1294B54C73}.Debug|x86.ActiveCfg = Debug|Any CPU
		{CFC00D1B-16BA-440F-A90D-7A1294B54C73}.Debug|x86.Build.0 = Debug|Any CPU
		{CFC00D1B-16BA-440F-A90D-7A1294B54C73}.Release|Any CPU.ActiveCfg = Release|Any CPU
		{CFC00D1B-16BA-440F-A90D-7A1294B54C73}.Release|Any CPU.Build.0 = Release|Any CPU
		{CFC00D1B-16BA-440F-A90D-7A1294B54C73}.Release|x64.ActiveCfg = Release|Any CPU
		{CFC00D1B-16BA-440F-A90D-7A1294B54C73}.Release|x64.Build.0 = Release|Any CPU
		{CFC00D1B-16BA-440F-A90D-7A1294B54C73}.Release|x86.ActiveCfg = Release|Any CPU
		{CFC00D1B-16BA-440F-A90D-7A1294B54C73}.Release|x86.Build.0 = Release|Any CPU
		{7258BDAA-BB3A-491A-BE58-288E430955B9}.Debug|Any CPU.ActiveCfg = Debug|Any CPU
		{7258BDAA-BB3A-491A-BE58-288E430955B9}.Debug|Any CPU.Build.0 = Debug|Any CPU
		{7258BDAA-BB3A-491A-BE58-288E430955B9}.Debug|x64.ActiveCfg = Debug|Any CPU
		{7258BDAA-BB3A-491A-BE58-288E430955B9}.Debug|x64.Build.0 = Debug|Any CPU
		{7258BDAA-BB3A-491A-BE58-288E430955B9}.Debug|x86.ActiveCfg = Debug|Any CPU
		{7258BDAA-BB3A-491A-BE58-288E430955B9}.Debug|x86.Build.0 = Debug|Any CPU
		{7258BDAA-BB3A-491A-BE58-288E430955B9}.Release|Any CPU.ActiveCfg = Release|Any CPU
		{7258BDAA-BB3A-491A-BE58-288E430955B9}.Release|Any CPU.Build.0 = Release|Any CPU
		{7258BDAA-BB3A-491A-BE58-288E430955B9}.Release|x64.ActiveCfg = Release|Any CPU
		{7258BDAA-BB3A-491A-BE58-288E430955B9}.Release|x64.Build.0 = Release|Any CPU
		{7258BDAA-BB3A-491A-BE58-288E430955B9}.Release|x86.ActiveCfg = Release|Any CPU
		{7258BDAA-BB3A-491A-BE58-288E430955B9}.Release|x86.Build.0 = Release|Any CPU
		{14394CEE-2273-4560-B6F7-9B7611C892EB}.Debug|Any CPU.ActiveCfg = Debug|Any CPU
		{14394CEE-2273-4560-B6F7-9B7611C892EB}.Debug|Any CPU.Build.0 = Debug|Any CPU
		{14394CEE-2273-4560-B6F7-9B7611C892EB}.Debug|x64.ActiveCfg = Debug|Any CPU
		{14394CEE-2273-4560-B6F7-9B7611C892EB}.Debug|x64.Build.0 = Debug|Any CPU
		{14394CEE-2273-4560-B6F7-9B7611C892EB}.Debug|x86.ActiveCfg = Debug|Any CPU
		{14394CEE-2273-4560-B6F7-9B7611C892EB}.Debug|x86.Build.0 = Debug|Any CPU
		{14394CEE-2273-4560-B6F7-9B7611C892EB}.Release|Any CPU.ActiveCfg = Release|Any CPU
		{14394CEE-2273-4560-B6F7-9B7611C892EB}.Release|Any CPU.Build.0 = Release|Any CPU
		{14394CEE-2273-4560-B6F7-9B7611C892EB}.Release|x64.ActiveCfg = Release|Any CPU
		{14394CEE-2273-4560-B6F7-9B7611C892EB}.Release|x64.Build.0 = Release|Any CPU
		{14394CEE-2273-4560-B6F7-9B7611C892EB}.Release|x86.ActiveCfg = Release|Any CPU
		{14394CEE-2273-4560-B6F7-9B7611C892EB}.Release|x86.Build.0 = Release|Any CPU
		{1BD2858F-B44F-4949-8E3D-D5038A7401F7}.Debug|Any CPU.ActiveCfg = Debug|Any CPU
		{1BD2858F-B44F-4949-8E3D-D5038A7401F7}.Debug|Any CPU.Build.0 = Debug|Any CPU
		{1BD2858F-B44F-4949-8E3D-D5038A7401F7}.Debug|x64.ActiveCfg = Debug|Any CPU
		{1BD2858F-B44F-4949-8E3D-D5038A7401F7}.Debug|x64.Build.0 = Debug|Any CPU
		{1BD2858F-B44F-4949-8E3D-D5038A7401F7}.Debug|x86.ActiveCfg = Debug|Any CPU
		{1BD2858F-B44F-4949-8E3D-D5038A7401F7}.Debug|x86.Build.0 = Debug|Any CPU
		{1BD2858F-B44F-4949-8E3D-D5038A7401F7}.Release|Any CPU.ActiveCfg = Release|Any CPU
		{1BD2858F-B44F-4949-8E3D-D5038A7401F7}.Release|Any CPU.Build.0 = Release|Any CPU
		{1BD2858F-B44F-4949-8E3D-D5038A7401F7}.Release|x64.ActiveCfg = Release|Any CPU
		{1BD2858F-B44F-4949-8E3D-D5038A7401F7}.Release|x64.Build.0 = Release|Any CPU
		{1BD2858F-B44F-4949-8E3D-D5038A7401F7}.Release|x86.ActiveCfg = Release|Any CPU
		{1BD2858F-B44F-4949-8E3D-D5038A7401F7}.Release|x86.Build.0 = Release|Any CPU
		{7B1D4488-A06B-4F66-A57A-87310A0AA85B}.Debug|Any CPU.ActiveCfg = Debug|Any CPU
		{7B1D4488-A06B-4F66-A57A-87310A0AA85B}.Debug|Any CPU.Build.0 = Debug|Any CPU
		{7B1D4488-A06B-4F66-A57A-87310A0AA85B}.Debug|x64.ActiveCfg = Debug|Any CPU
		{7B1D4488-A06B-4F66-A57A-87310A0AA85B}.Debug|x64.Build.0 = Debug|Any CPU
		{7B1D4488-A06B-4F66-A57A-87310A0AA85B}.Debug|x86.ActiveCfg = Debug|Any CPU
		{7B1D4488-A06B-4F66-A57A-87310A0AA85B}.Debug|x86.Build.0 = Debug|Any CPU
		{7B1D4488-A06B-4F66-A57A-87310A0AA85B}.Release|Any CPU.ActiveCfg = Release|Any CPU
		{7B1D4488-A06B-4F66-A57A-87310A0AA85B}.Release|Any CPU.Build.0 = Release|Any CPU
		{7B1D4488-A06B-4F66-A57A-87310A0AA85B}.Release|x64.ActiveCfg = Release|Any CPU
		{7B1D4488-A06B-4F66-A57A-87310A0AA85B}.Release|x64.Build.0 = Release|Any CPU
		{7B1D4488-A06B-4F66-A57A-87310A0AA85B}.Release|x86.ActiveCfg = Release|Any CPU
		{7B1D4488-A06B-4F66-A57A-87310A0AA85B}.Release|x86.Build.0 = Release|Any CPU
		{70F47B16-E534-47F5-8ECD-6CB6341CACB2}.Debug|Any CPU.ActiveCfg = Debug|Any CPU
		{70F47B16-E534-47F5-8ECD-6CB6341CACB2}.Debug|Any CPU.Build.0 = Debug|Any CPU
		{70F47B16-E534-47F5-8ECD-6CB6341CACB2}.Debug|x64.ActiveCfg = Debug|Any CPU
		{70F47B16-E534-47F5-8ECD-6CB6341CACB2}.Debug|x64.Build.0 = Debug|Any CPU
		{70F47B16-E534-47F5-8ECD-6CB6341CACB2}.Debug|x86.ActiveCfg = Debug|Any CPU
		{70F47B16-E534-47F5-8ECD-6CB6341CACB2}.Debug|x86.Build.0 = Debug|Any CPU
		{70F47B16-E534-47F5-8ECD-6CB6341CACB2}.Release|Any CPU.ActiveCfg = Release|Any CPU
		{70F47B16-E534-47F5-8ECD-6CB6341CACB2}.Release|Any CPU.Build.0 = Release|Any CPU
		{70F47B16-E534-47F5-8ECD-6CB6341CACB2}.Release|x64.ActiveCfg = Release|Any CPU
		{70F47B16-E534-47F5-8ECD-6CB6341CACB2}.Release|x64.Build.0 = Release|Any CPU
		{70F47B16-E534-47F5-8ECD-6CB6341CACB2}.Release|x86.ActiveCfg = Release|Any CPU
		{70F47B16-E534-47F5-8ECD-6CB6341CACB2}.Release|x86.Build.0 = Release|Any CPU
		{F8798FC0-E9CE-45A4-9A99-D0B6A290654A}.Debug|Any CPU.ActiveCfg = Debug|Any CPU
		{F8798FC0-E9CE-45A4-9A99-D0B6A290654A}.Debug|Any CPU.Build.0 = Debug|Any CPU
		{F8798FC0-E9CE-45A4-9A99-D0B6A290654A}.Debug|x64.ActiveCfg = Debug|Any CPU
		{F8798FC0-E9CE-45A4-9A99-D0B6A290654A}.Debug|x64.Build.0 = Debug|Any CPU
		{F8798FC0-E9CE-45A4-9A99-D0B6A290654A}.Debug|x86.ActiveCfg = Debug|Any CPU
		{F8798FC0-E9CE-45A4-9A99-D0B6A290654A}.Debug|x86.Build.0 = Debug|Any CPU
		{F8798FC0-E9CE-45A4-9A99-D0B6A290654A}.Release|Any CPU.ActiveCfg = Release|Any CPU
		{F8798FC0-E9CE-45A4-9A99-D0B6A290654A}.Release|Any CPU.Build.0 = Release|Any CPU
		{F8798FC0-E9CE-45A4-9A99-D0B6A290654A}.Release|x64.ActiveCfg = Release|Any CPU
		{F8798FC0-E9CE-45A4-9A99-D0B6A290654A}.Release|x64.Build.0 = Release|Any CPU
		{F8798FC0-E9CE-45A4-9A99-D0B6A290654A}.Release|x86.ActiveCfg = Release|Any CPU
		{F8798FC0-E9CE-45A4-9A99-D0B6A290654A}.Release|x86.Build.0 = Release|Any CPU
		{378E76C8-D4FB-4486-B34B-EBA79B683731}.Debug|Any CPU.ActiveCfg = Debug|Any CPU
		{378E76C8-D4FB-4486-B34B-EBA79B683731}.Debug|Any CPU.Build.0 = Debug|Any CPU
		{378E76C8-D4FB-4486-B34B-EBA79B683731}.Debug|x64.ActiveCfg = Debug|Any CPU
		{378E76C8-D4FB-4486-B34B-EBA79B683731}.Debug|x64.Build.0 = Debug|Any CPU
		{378E76C8-D4FB-4486-B34B-EBA79B683731}.Debug|x86.ActiveCfg = Debug|Any CPU
		{378E76C8-D4FB-4486-B34B-EBA79B683731}.Debug|x86.Build.0 = Debug|Any CPU
		{378E76C8-D4FB-4486-B34B-EBA79B683731}.Release|Any CPU.ActiveCfg = Release|Any CPU
		{378E76C8-D4FB-4486-B34B-EBA79B683731}.Release|Any CPU.Build.0 = Release|Any CPU
		{378E76C8-D4FB-4486-B34B-EBA79B683731}.Release|x64.ActiveCfg = Release|Any CPU
		{378E76C8-D4FB-4486-B34B-EBA79B683731}.Release|x64.Build.0 = Release|Any CPU
		{378E76C8-D4FB-4486-B34B-EBA79B683731}.Release|x86.ActiveCfg = Release|Any CPU
		{378E76C8-D4FB-4486-B34B-EBA79B683731}.Release|x86.Build.0 = Release|Any CPU
		{4FD4289E-9035-4873-8099-0039E7C32443}.Debug|Any CPU.ActiveCfg = Debug|Any CPU
		{4FD4289E-9035-4873-8099-0039E7C32443}.Debug|Any CPU.Build.0 = Debug|Any CPU
		{4FD4289E-9035-4873-8099-0039E7C32443}.Debug|x64.ActiveCfg = Debug|Any CPU
		{4FD4289E-9035-4873-8099-0039E7C32443}.Debug|x64.Build.0 = Debug|Any CPU
		{4FD4289E-9035-4873-8099-0039E7C32443}.Debug|x86.ActiveCfg = Debug|Any CPU
		{4FD4289E-9035-4873-8099-0039E7C32443}.Debug|x86.Build.0 = Debug|Any CPU
		{4FD4289E-9035-4873-8099-0039E7C32443}.Release|Any CPU.ActiveCfg = Release|Any CPU
		{4FD4289E-9035-4873-8099-0039E7C32443}.Release|Any CPU.Build.0 = Release|Any CPU
		{4FD4289E-9035-4873-8099-0039E7C32443}.Release|x64.ActiveCfg = Release|Any CPU
		{4FD4289E-9035-4873-8099-0039E7C32443}.Release|x64.Build.0 = Release|Any CPU
		{4FD4289E-9035-4873-8099-0039E7C32443}.Release|x86.ActiveCfg = Release|Any CPU
		{4FD4289E-9035-4873-8099-0039E7C32443}.Release|x86.Build.0 = Release|Any CPU
		{31E5F81F-3A9C-4471-836F-DDCEB7037090}.Debug|Any CPU.ActiveCfg = Debug|Any CPU
		{31E5F81F-3A9C-4471-836F-DDCEB7037090}.Debug|Any CPU.Build.0 = Debug|Any CPU
		{31E5F81F-3A9C-4471-836F-DDCEB7037090}.Debug|x64.ActiveCfg = Debug|Any CPU
		{31E5F81F-3A9C-4471-836F-DDCEB7037090}.Debug|x64.Build.0 = Debug|Any CPU
		{31E5F81F-3A9C-4471-836F-DDCEB7037090}.Debug|x86.ActiveCfg = Debug|Any CPU
		{31E5F81F-3A9C-4471-836F-DDCEB7037090}.Debug|x86.Build.0 = Debug|Any CPU
		{31E5F81F-3A9C-4471-836F-DDCEB7037090}.Release|Any CPU.ActiveCfg = Release|Any CPU
		{31E5F81F-3A9C-4471-836F-DDCEB7037090}.Release|Any CPU.Build.0 = Release|Any CPU
		{31E5F81F-3A9C-4471-836F-DDCEB7037090}.Release|x64.ActiveCfg = Release|Any CPU
		{31E5F81F-3A9C-4471-836F-DDCEB7037090}.Release|x64.Build.0 = Release|Any CPU
		{31E5F81F-3A9C-4471-836F-DDCEB7037090}.Release|x86.ActiveCfg = Release|Any CPU
		{31E5F81F-3A9C-4471-836F-DDCEB7037090}.Release|x86.Build.0 = Release|Any CPU
		{DC624138-7FE1-4B3C-8726-6C6BFD564405}.Debug|Any CPU.ActiveCfg = Debug|Any CPU
		{DC624138-7FE1-4B3C-8726-6C6BFD564405}.Debug|Any CPU.Build.0 = Debug|Any CPU
		{DC624138-7FE1-4B3C-8726-6C6BFD564405}.Debug|x64.ActiveCfg = Debug|Any CPU
		{DC624138-7FE1-4B3C-8726-6C6BFD564405}.Debug|x64.Build.0 = Debug|Any CPU
		{DC624138-7FE1-4B3C-8726-6C6BFD564405}.Debug|x86.ActiveCfg = Debug|Any CPU
		{DC624138-7FE1-4B3C-8726-6C6BFD564405}.Debug|x86.Build.0 = Debug|Any CPU
		{DC624138-7FE1-4B3C-8726-6C6BFD564405}.Release|Any CPU.ActiveCfg = Release|Any CPU
		{DC624138-7FE1-4B3C-8726-6C6BFD564405}.Release|Any CPU.Build.0 = Release|Any CPU
		{DC624138-7FE1-4B3C-8726-6C6BFD564405}.Release|x64.ActiveCfg = Release|Any CPU
		{DC624138-7FE1-4B3C-8726-6C6BFD564405}.Release|x64.Build.0 = Release|Any CPU
		{DC624138-7FE1-4B3C-8726-6C6BFD564405}.Release|x86.ActiveCfg = Release|Any CPU
		{DC624138-7FE1-4B3C-8726-6C6BFD564405}.Release|x86.Build.0 = Release|Any CPU
		{5A3E7AD3-421A-4B0B-8680-63EABD065698}.Debug|Any CPU.ActiveCfg = Debug|Any CPU
		{5A3E7AD3-421A-4B0B-8680-63EABD065698}.Debug|Any CPU.Build.0 = Debug|Any CPU
		{5A3E7AD3-421A-4B0B-8680-63EABD065698}.Debug|x64.ActiveCfg = Debug|Any CPU
		{5A3E7AD3-421A-4B0B-8680-63EABD065698}.Debug|x64.Build.0 = Debug|Any CPU
		{5A3E7AD3-421A-4B0B-8680-63EABD065698}.Debug|x86.ActiveCfg = Debug|Any CPU
		{5A3E7AD3-421A-4B0B-8680-63EABD065698}.Debug|x86.Build.0 = Debug|Any CPU
		{5A3E7AD3-421A-4B0B-8680-63EABD065698}.Release|Any CPU.ActiveCfg = Release|Any CPU
		{5A3E7AD3-421A-4B0B-8680-63EABD065698}.Release|Any CPU.Build.0 = Release|Any CPU
		{5A3E7AD3-421A-4B0B-8680-63EABD065698}.Release|x64.ActiveCfg = Release|Any CPU
		{5A3E7AD3-421A-4B0B-8680-63EABD065698}.Release|x64.Build.0 = Release|Any CPU
		{5A3E7AD3-421A-4B0B-8680-63EABD065698}.Release|x86.ActiveCfg = Release|Any CPU
		{5A3E7AD3-421A-4B0B-8680-63EABD065698}.Release|x86.Build.0 = Release|Any CPU
	EndGlobalSection
	GlobalSection(SolutionProperties) = preSolution
		HideSolutionNode = FALSE
	EndGlobalSection
	GlobalSection(NestedProjects) = preSolution
		{E22356A9-B723-46AB-8AA9-AC711A370013} = {7331E8B1-4586-4D3B-976B-08DA05DAF145}
		{96CA22D3-996C-49E0-802A-A5D7351B2A5F} = {E22356A9-B723-46AB-8AA9-AC711A370013}
		{000935B1-86E4-4891-BB97-372AFD8283C3} = {7331E8B1-4586-4D3B-976B-08DA05DAF145}
		{E9C72F65-6F42-4E73-B7FB-DD92ADC046C3} = {000935B1-86E4-4891-BB97-372AFD8283C3}
		{73392135-4842-4E69-B5E8-E90D7A009B6C} = {000935B1-86E4-4891-BB97-372AFD8283C3}
		{28B095E8-BBD5-4600-9962-0656CA5E7AEB} = {7331E8B1-4586-4D3B-976B-08DA05DAF145}
		{CFC00D1B-16BA-440F-A90D-7A1294B54C73} = {28B095E8-BBD5-4600-9962-0656CA5E7AEB}
		{7258BDAA-BB3A-491A-BE58-288E430955B9} = {28B095E8-BBD5-4600-9962-0656CA5E7AEB}
		{14394CEE-2273-4560-B6F7-9B7611C892EB} = {28B095E8-BBD5-4600-9962-0656CA5E7AEB}
		{B3F011D9-F48F-4DD1-BAC4-8E5EE3E6F5F2} = {80868BDD-1A85-4CD3-8031-8803DA7C0BF3}
		{1BD2858F-B44F-4949-8E3D-D5038A7401F7} = {B3F011D9-F48F-4DD1-BAC4-8E5EE3E6F5F2}
		{4675EDBB-E55E-471E-97DF-4CCF69FF1F43} = {80868BDD-1A85-4CD3-8031-8803DA7C0BF3}
		{7B1D4488-A06B-4F66-A57A-87310A0AA85B} = {4675EDBB-E55E-471E-97DF-4CCF69FF1F43}
		{70F47B16-E534-47F5-8ECD-6CB6341CACB2} = {28B095E8-BBD5-4600-9962-0656CA5E7AEB}
		{F8798FC0-E9CE-45A4-9A99-D0B6A290654A} = {28B095E8-BBD5-4600-9962-0656CA5E7AEB}
		{378E76C8-D4FB-4486-B34B-EBA79B683731} = {E22356A9-B723-46AB-8AA9-AC711A370013}
		{4FD4289E-9035-4873-8099-0039E7C32443} = {28B095E8-BBD5-4600-9962-0656CA5E7AEB}
		{31E5F81F-3A9C-4471-836F-DDCEB7037090} = {E22356A9-B723-46AB-8AA9-AC711A370013}
		{DC624138-7FE1-4B3C-8726-6C6BFD564405} = {28B095E8-BBD5-4600-9962-0656CA5E7AEB}
		{5A3E7AD3-421A-4B0B-8680-63EABD065698} = {28B095E8-BBD5-4600-9962-0656CA5E7AEB}
	EndGlobalSection
EndGlobal
